// !$*UTF8*$!
{
	archiveVersion = 1;
	classes = {
	};
	objectVersion = 56;
	objects = {

/* Begin PBXBuildFile section */
		0DE1E1868C361825B5CFABB1 /* AppTabView.swift in Sources */ = {isa = PBXBuildFile; fileRef = E86563D19CDC0074E3FFF5B8 /* AppTabView.swift */; };
		10E1A1F6DEA1C2DB7CE03CFD /* TrainingProgramRoute.swift in Sources */ = {isa = PBXBuildFile; fileRef = 6B64CB276F95DAD5081E98AF /* TrainingProgramRoute.swift */; };
		1609F8A0CE3A45515F4305D9 /* HistoryExecutionsView.swift in Sources */ = {isa = PBXBuildFile; fileRef = 92180B2724FD2B968A8D88F4 /* HistoryExecutionsView.swift */; };
		17E651B141684BAF538C0202 /* Foundation.framework in Frameworks */ = {isa = PBXBuildFile; fileRef = 8CF89A60B205F3CF24FD07F3 /* Foundation.framework */; };
		2B27666D1FA01F7AF9781300 /* EditTraningProgramView.swift in Sources */ = {isa = PBXBuildFile; fileRef = FEA6223EF4D41BF4A9BCCB7A /* EditTraningProgramView.swift */; };
		30CCD5B994258AC3EE25910B /* HotSwiftUI in Frameworks */ = {isa = PBXBuildFile; productRef = CDED89A1F3CAEC895B077820 /* HotSwiftUI */; };
		334BB08A3FFF20E4DD61EA6E /* CreateTrainingProgramView.swift in Sources */ = {isa = PBXBuildFile; fileRef = D048BE1B3BC2AF5CF4BA8BC6 /* CreateTrainingProgramView.swift */; };
		361906A6482372481EC786B3 /* Localizable.xcstrings in Resources */ = {isa = PBXBuildFile; fileRef = 3046F970916C12A788EC2415 /* Localizable.xcstrings */; };
		3A489CA9CDDCF1DB16564A3B /* RoutingView.swift in Sources */ = {isa = PBXBuildFile; fileRef = 3673ADB37CBF331859000CC7 /* RoutingView.swift */; };
		3D885C7846D2EB4BD0E0F3ED /* Assets.xcassets in Resources */ = {isa = PBXBuildFile; fileRef = 6DCBF017C8F022E0B9FF8BA3 /* Assets.xcassets */; };
		42E0CBCB40D0BC93D3FE5395 /* CreateTrainingsView.swift in Sources */ = {isa = PBXBuildFile; fileRef = 540847D0176A8CF90C1D622E /* CreateTrainingsView.swift */; };
		4F5C6DB00FC8010974AC5D27 /* SFSafeSymbols in Frameworks */ = {isa = PBXBuildFile; productRef = 46A2B58C2263E7134843DCA7 /* SFSafeSymbols */; };
		5F53729E8BCBCF91B71938C4 /* PopupView in Frameworks */ = {isa = PBXBuildFile; productRef = E5095AA05A67696398BC4DCB /* PopupView */; };
		638E0E6D9D78D683569E3D56 /* SportsApp.swift in Sources */ = {isa = PBXBuildFile; fileRef = 7E4AF593AA6CB67622A5BE9C /* SportsApp.swift */; };
		7120BF7137093062EA9245ED /* CommingSoonView.swift in Sources */ = {isa = PBXBuildFile; fileRef = BB513111FC06D4B883E260AE /* CommingSoonView.swift */; };
		7323C684528C43D53F9B1941 /* UIKit.framework in Frameworks */ = {isa = PBXBuildFile; fileRef = D8BC3B087A5AD34AE2CD8008 /* UIKit.framework */; };
		826B71F47234BF8C7A8891FF /* CreateExerciseView.swift in Sources */ = {isa = PBXBuildFile; fileRef = CB470EE46B4D9F08358864D3 /* CreateExerciseView.swift */; };
		8EA07BB624EED1775DAD46A2 /* Array+Extensions.swift in Sources */ = {isa = PBXBuildFile; fileRef = 87CBF70A9AE765C776D40578 /* Array+Extensions.swift */; };
		8F3F7BE54D080DBF14A57286 /* SportsTests.swift in Sources */ = {isa = PBXBuildFile; fileRef = BEDFE46F508DEBB7B5ED497B /* SportsTests.swift */; };
		A5355131DA9F788B1D4B2790 /* TrainingExecutionView.swift in Sources */ = {isa = PBXBuildFile; fileRef = 6F61EE7A84788E6270EED843 /* TrainingExecutionView.swift */; };
		ACC0A53A8E5EED52B323C0FB /* TabRouter.swift in Sources */ = {isa = PBXBuildFile; fileRef = 410C95B7780EEEAD724C0652 /* TabRouter.swift */; };
		B0713E972255AB84D6080236 /* Preview Assets.xcassets in Resources */ = {isa = PBXBuildFile; fileRef = C597A965C9DE3A36C0D2952A /* Preview Assets.xcassets */; };
		B3E1A14A82EE240BBA8BB01B /* Workout.swift in Sources */ = {isa = PBXBuildFile; fileRef = 2B6BD72514A336AD6BDDC8DB /* Workout.swift */; };
		B88AEB02987DC25886E78A24 /* AddExecutionView.swift in Sources */ = {isa = PBXBuildFile; fileRef = D23FCA8BD00B71784D9A6875 /* AddExecutionView.swift */; };
		B9FA0E3E09118F6C0D09D5B2 /* DesignSystem in Frameworks */ = {isa = PBXBuildFile; productRef = EB7D67A288E2020B72E9AE93 /* DesignSystem */; };
		BB0AC9B6C8A5DF04A2135FE5 /* Router.swift in Sources */ = {isa = PBXBuildFile; fileRef = E59D938523EB0A477434D7E6 /* Router.swift */; };
		BFC372A124AF07FCAD1758B5 /* DetailTrainingProgramView.swift in Sources */ = {isa = PBXBuildFile; fileRef = 62EC679B2631DB9D91C6241B /* DetailTrainingProgramView.swift */; };
		C43DB68CE280AD92A812DE0F /* TrainingsSummary.swift in Sources */ = {isa = PBXBuildFile; fileRef = AA253934A495A35464E164D9 /* TrainingsSummary.swift */; };
		D473EE26BB6C39CBE599B6F3 /* RoutableObject.swift in Sources */ = {isa = PBXBuildFile; fileRef = FA3206609B302B0228B330EE /* RoutableObject.swift */; };
		E276605DCC2C1117BC7EB6DA /* HomeView.swift in Sources */ = {isa = PBXBuildFile; fileRef = A5AB112F68A27FC3D88276A9 /* HomeView.swift */; };
		E635EA68FCDCCD053E25833A /* DebugSwift in Frameworks */ = {isa = PBXBuildFile; productRef = AE6426698D65CD3C1FCDEFDA /* DebugSwift */; };
		F6556AF9C97F4D91320B43A3 /* WillDisappearHandler.swift in Sources */ = {isa = PBXBuildFile; fileRef = 36EB1B42D77F66C41D67F993 /* WillDisappearHandler.swift */; };
/* End PBXBuildFile section */

/* Begin PBXContainerItemProxy section */
		566A2924BAA3B2A06F6B2F15 /* PBXContainerItemProxy */ = {
			isa = PBXContainerItemProxy;
			containerPortal = 6A1CC518C09DC03077181C4F /* Project object */;
			proxyType = 1;
			remoteGlobalIDString = 81B205FA6CADC4D75FE94E05;
			remoteInfo = Sports;
		};
/* End PBXContainerItemProxy section */

/* Begin PBXFileReference section */
		2B6BD72514A336AD6BDDC8DB /* Workout.swift */ = {isa = PBXFileReference; lastKnownFileType = sourcecode.swift; path = Workout.swift; sourceTree = "<group>"; };
		3046F970916C12A788EC2415 /* Localizable.xcstrings */ = {isa = PBXFileReference; lastKnownFileType = text.json.xcstrings; path = Localizable.xcstrings; sourceTree = "<group>"; };
		3673ADB37CBF331859000CC7 /* RoutingView.swift */ = {isa = PBXFileReference; lastKnownFileType = sourcecode.swift; path = RoutingView.swift; sourceTree = "<group>"; };
		36EB1B42D77F66C41D67F993 /* WillDisappearHandler.swift */ = {isa = PBXFileReference; lastKnownFileType = sourcecode.swift; path = WillDisappearHandler.swift; sourceTree = "<group>"; };
		410C95B7780EEEAD724C0652 /* TabRouter.swift */ = {isa = PBXFileReference; lastKnownFileType = sourcecode.swift; path = TabRouter.swift; sourceTree = "<group>"; };
		451DD8E677BD43DB30F389D0 /* BaseDebug.xcconfig */ = {isa = PBXFileReference; lastKnownFileType = text.xcconfig; path = BaseDebug.xcconfig; sourceTree = "<group>"; };
		540847D0176A8CF90C1D622E /* CreateTrainingsView.swift */ = {isa = PBXFileReference; lastKnownFileType = sourcecode.swift; path = CreateTrainingsView.swift; sourceTree = "<group>"; };
		62EC679B2631DB9D91C6241B /* DetailTrainingProgramView.swift */ = {isa = PBXFileReference; lastKnownFileType = sourcecode.swift; path = DetailTrainingProgramView.swift; sourceTree = "<group>"; };
		6B64CB276F95DAD5081E98AF /* TrainingProgramRoute.swift */ = {isa = PBXFileReference; lastKnownFileType = sourcecode.swift; path = TrainingProgramRoute.swift; sourceTree = "<group>"; };
		6DCBF017C8F022E0B9FF8BA3 /* Assets.xcassets */ = {isa = PBXFileReference; lastKnownFileType = folder.assetcatalog; path = Assets.xcassets; sourceTree = "<group>"; };
		6F61EE7A84788E6270EED843 /* TrainingExecutionView.swift */ = {isa = PBXFileReference; lastKnownFileType = sourcecode.swift; path = TrainingExecutionView.swift; sourceTree = "<group>"; };
		7E4AF593AA6CB67622A5BE9C /* SportsApp.swift */ = {isa = PBXFileReference; lastKnownFileType = sourcecode.swift; path = SportsApp.swift; sourceTree = "<group>"; };
		87CBF70A9AE765C776D40578 /* Array+Extensions.swift */ = {isa = PBXFileReference; lastKnownFileType = sourcecode.swift; path = "Array+Extensions.swift"; sourceTree = "<group>"; };
		8CF89A60B205F3CF24FD07F3 /* Foundation.framework */ = {isa = PBXFileReference; lastKnownFileType = wrapper.framework; name = Foundation.framework; path = System/Library/Frameworks/Foundation.framework; sourceTree = SDKROOT; };
		8EB78980D2CC7E93D41B0FE6 /* Info.plist */ = {isa = PBXFileReference; lastKnownFileType = text.plist; path = Info.plist; sourceTree = "<group>"; };
		92180B2724FD2B968A8D88F4 /* HistoryExecutionsView.swift */ = {isa = PBXFileReference; lastKnownFileType = sourcecode.swift; path = HistoryExecutionsView.swift; sourceTree = "<group>"; };
		A5AB112F68A27FC3D88276A9 /* HomeView.swift */ = {isa = PBXFileReference; lastKnownFileType = sourcecode.swift; path = HomeView.swift; sourceTree = "<group>"; };
		AA253934A495A35464E164D9 /* TrainingsSummary.swift */ = {isa = PBXFileReference; lastKnownFileType = sourcecode.swift; path = TrainingsSummary.swift; sourceTree = "<group>"; };
		BB513111FC06D4B883E260AE /* CommingSoonView.swift */ = {isa = PBXFileReference; lastKnownFileType = sourcecode.swift; path = CommingSoonView.swift; sourceTree = "<group>"; };
		BCC1A8147A54826091E6E1D1 /* Sports.entitlements */ = {isa = PBXFileReference; lastKnownFileType = text.plist.entitlements; path = Sports.entitlements; sourceTree = "<group>"; };
		BEDFE46F508DEBB7B5ED497B /* SportsTests.swift */ = {isa = PBXFileReference; lastKnownFileType = sourcecode.swift; path = SportsTests.swift; sourceTree = "<group>"; };
		C597A965C9DE3A36C0D2952A /* Preview Assets.xcassets */ = {isa = PBXFileReference; lastKnownFileType = folder.assetcatalog; path = "Preview Assets.xcassets"; sourceTree = "<group>"; };
		CA84F667A4393FECAFC59E11 /* Sports.xctest */ = {isa = PBXFileReference; explicitFileType = wrapper.cfbundle; includeInIndex = 0; path = Sports.xctest; sourceTree = BUILT_PRODUCTS_DIR; };
		CB27152775AE5B97DC740488 /* DesignSystem */ = {isa = PBXFileReference; lastKnownFileType = folder; name = DesignSystem; path = Packages/DesignSystem; sourceTree = SOURCE_ROOT; };
		CB470EE46B4D9F08358864D3 /* CreateExerciseView.swift */ = {isa = PBXFileReference; lastKnownFileType = sourcecode.swift; path = CreateExerciseView.swift; sourceTree = "<group>"; };
		D048BE1B3BC2AF5CF4BA8BC6 /* CreateTrainingProgramView.swift */ = {isa = PBXFileReference; lastKnownFileType = sourcecode.swift; path = CreateTrainingProgramView.swift; sourceTree = "<group>"; };
		D23FCA8BD00B71784D9A6875 /* AddExecutionView.swift */ = {isa = PBXFileReference; lastKnownFileType = sourcecode.swift; path = AddExecutionView.swift; sourceTree = "<group>"; };
		D8BC3B087A5AD34AE2CD8008 /* UIKit.framework */ = {isa = PBXFileReference; lastKnownFileType = wrapper.framework; name = UIKit.framework; path = System/Library/Frameworks/UIKit.framework; sourceTree = SDKROOT; };
		D9FEC6CE3A6B400FED050E62 /* Sports.app */ = {isa = PBXFileReference; explicitFileType = wrapper.application; includeInIndex = 0; path = Sports.app; sourceTree = BUILT_PRODUCTS_DIR; };
		E59D938523EB0A477434D7E6 /* Router.swift */ = {isa = PBXFileReference; lastKnownFileType = sourcecode.swift; path = Router.swift; sourceTree = "<group>"; };
		E86563D19CDC0074E3FFF5B8 /* AppTabView.swift */ = {isa = PBXFileReference; lastKnownFileType = sourcecode.swift; path = AppTabView.swift; sourceTree = "<group>"; };
		FA3206609B302B0228B330EE /* RoutableObject.swift */ = {isa = PBXFileReference; lastKnownFileType = sourcecode.swift; path = RoutableObject.swift; sourceTree = "<group>"; };
		FDD6AD35EFC37A7138A74282 /* BaseRelease.xcconfig */ = {isa = PBXFileReference; lastKnownFileType = text.xcconfig; path = BaseRelease.xcconfig; sourceTree = "<group>"; };
		FEA6223EF4D41BF4A9BCCB7A /* EditTraningProgramView.swift */ = {isa = PBXFileReference; lastKnownFileType = sourcecode.swift; path = EditTraningProgramView.swift; sourceTree = "<group>"; };
/* End PBXFileReference section */

/* Begin PBXFrameworksBuildPhase section */
		CA2596692FF10C3EF71B17DF /* Frameworks */ = {
			isa = PBXFrameworksBuildPhase;
			buildActionMask = 2147483647;
			files = (
				7323C684528C43D53F9B1941 /* UIKit.framework in Frameworks */,
				17E651B141684BAF538C0202 /* Foundation.framework in Frameworks */,
				4F5C6DB00FC8010974AC5D27 /* SFSafeSymbols in Frameworks */,
				30CCD5B994258AC3EE25910B /* HotSwiftUI in Frameworks */,
				E635EA68FCDCCD053E25833A /* DebugSwift in Frameworks */,
				5F53729E8BCBCF91B71938C4 /* PopupView in Frameworks */,
				B9FA0E3E09118F6C0D09D5B2 /* DesignSystem in Frameworks */,
			);
			runOnlyForDeploymentPostprocessing = 0;
		};
/* End PBXFrameworksBuildPhase section */

/* Begin PBXGroup section */
		0F2D70865787D5349D625F90 /* TabBar */ = {
			isa = PBXGroup;
			children = (
				E86563D19CDC0074E3FFF5B8 /* AppTabView.swift */,
			);
			path = TabBar;
			sourceTree = "<group>";
		};
		102EB3E6BC8053670A300F51 /* Home */ = {
			isa = PBXGroup;
			children = (
				A5AB112F68A27FC3D88276A9 /* HomeView.swift */,
			);
			path = Home;
			sourceTree = "<group>";
		};
		14CF25FA3BF6156DFBA7B747 /* Preview Content */ = {
			isa = PBXGroup;
			children = (
				C597A965C9DE3A36C0D2952A /* Preview Assets.xcassets */,
			);
			path = "Preview Content";
			sourceTree = "<group>";
		};
		25BCD87A3D8F8C074385349D /* SportsTests */ = {
			isa = PBXGroup;
			children = (
				BEDFE46F508DEBB7B5ED497B /* SportsTests.swift */,
			);
			path = SportsTests;
			sourceTree = "<group>";
		};
		30A342D7DEE471003B5B0F45 /* Detail */ = {
			isa = PBXGroup;
			children = (
				62EC679B2631DB9D91C6241B /* DetailTrainingProgramView.swift */,
			);
			path = Detail;
			sourceTree = "<group>";
		};
		35847079001B297DCE411406 /* Sports */ = {
			isa = PBXGroup;
			children = (
				6DCBF017C8F022E0B9FF8BA3 /* Assets.xcassets */,
				8EB78980D2CC7E93D41B0FE6 /* Info.plist */,
				3046F970916C12A788EC2415 /* Localizable.xcstrings */,
				BCC1A8147A54826091E6E1D1 /* Sports.entitlements */,
				7E4AF593AA6CB67622A5BE9C /* SportsApp.swift */,
				D9F4B03F7EFE367B6E94685A /* Helpers */,
				D46C36C957595942E4CA2990 /* Models */,
				14CF25FA3BF6156DFBA7B747 /* Preview Content */,
				CBD083016B698732F024A47E /* Router */,
				6A83351905FC9ED9E7EB370E /* Scenes */,
			);
			path = Sports;
			sourceTree = "<group>";
		};
		42A06BE89374647AA9C8FA93 /* CommingSoon */ = {
			isa = PBXGroup;
			children = (
				BB513111FC06D4B883E260AE /* CommingSoonView.swift */,
			);
			path = CommingSoon;
			sourceTree = "<group>";
		};
		67C221EC3E70E23C49338D6F /* Create */ = {
			isa = PBXGroup;
			children = (
				D048BE1B3BC2AF5CF4BA8BC6 /* CreateTrainingProgramView.swift */,
			);
			path = Create;
			sourceTree = "<group>";
		};
		6A83351905FC9ED9E7EB370E /* Scenes */ = {
			isa = PBXGroup;
			children = (
				42A06BE89374647AA9C8FA93 /* CommingSoon */,
				102EB3E6BC8053670A300F51 /* Home */,
				0F2D70865787D5349D625F90 /* TabBar */,
				D060DE6CD391C4D605B70518 /* TrainingProgram */,
			);
			path = Scenes;
			sourceTree = "<group>";
		};
		6E16EA7283CFCA8F0E85589B /* Subviews */ = {
			isa = PBXGroup;
			children = (
				D23FCA8BD00B71784D9A6875 /* AddExecutionView.swift */,
				CB470EE46B4D9F08358864D3 /* CreateExerciseView.swift */,
				540847D0176A8CF90C1D622E /* CreateTrainingsView.swift */,
				92180B2724FD2B968A8D88F4 /* HistoryExecutionsView.swift */,
				6F61EE7A84788E6270EED843 /* TrainingExecutionView.swift */,
				AA253934A495A35464E164D9 /* TrainingsSummary.swift */,
			);
			path = Subviews;
			sourceTree = "<group>";
		};
		6E2BFD32290D2E3287519F0A /* Packages */ = {
			isa = PBXGroup;
			children = (
				CB27152775AE5B97DC740488 /* DesignSystem */,
			);
			name = Packages;
			sourceTree = SOURCE_ROOT;
		};
		8C492F528A09D793D0C54C8F /* Frameworks */ = {
			isa = PBXGroup;
			children = (
				8CF89A60B205F3CF24FD07F3 /* Foundation.framework */,
				D8BC3B087A5AD34AE2CD8008 /* UIKit.framework */,
			);
			name = Frameworks;
			sourceTree = "<group>";
		};
		B768D0AA4D17332AA6BD1CDC = {
			isa = PBXGroup;
			children = (
				D3FA572B6E41281E331FC2FC /* Configs */,
				6E2BFD32290D2E3287519F0A /* Packages */,
				35847079001B297DCE411406 /* Sports */,
				25BCD87A3D8F8C074385349D /* SportsTests */,
				8C492F528A09D793D0C54C8F /* Frameworks */,
				FA1916B7AE295AF9E47550C6 /* Products */,
			);
			sourceTree = "<group>";
		};
		C217BCD5CF5C947DBBD95185 /* Edit */ = {
			isa = PBXGroup;
			children = (
				FEA6223EF4D41BF4A9BCCB7A /* EditTraningProgramView.swift */,
			);
			path = Edit;
			sourceTree = "<group>";
		};
		CBD083016B698732F024A47E /* Router */ = {
			isa = PBXGroup;
			children = (
				87CBF70A9AE765C776D40578 /* Array+Extensions.swift */,
				FA3206609B302B0228B330EE /* RoutableObject.swift */,
				E59D938523EB0A477434D7E6 /* Router.swift */,
				3673ADB37CBF331859000CC7 /* RoutingView.swift */,
				410C95B7780EEEAD724C0652 /* TabRouter.swift */,
			);
			path = Router;
			sourceTree = "<group>";
		};
		D060DE6CD391C4D605B70518 /* TrainingProgram */ = {
			isa = PBXGroup;
			children = (
				6B64CB276F95DAD5081E98AF /* TrainingProgramRoute.swift */,
				67C221EC3E70E23C49338D6F /* Create */,
				30A342D7DEE471003B5B0F45 /* Detail */,
				C217BCD5CF5C947DBBD95185 /* Edit */,
				6E16EA7283CFCA8F0E85589B /* Subviews */,
			);
			path = TrainingProgram;
			sourceTree = "<group>";
		};
		D3FA572B6E41281E331FC2FC /* Configs */ = {
			isa = PBXGroup;
			children = (
				451DD8E677BD43DB30F389D0 /* BaseDebug.xcconfig */,
				FDD6AD35EFC37A7138A74282 /* BaseRelease.xcconfig */,
			);
			path = Configs;
			sourceTree = "<group>";
		};
		D46C36C957595942E4CA2990 /* Models */ = {
			isa = PBXGroup;
			children = (
				2B6BD72514A336AD6BDDC8DB /* Workout.swift */,
			);
			path = Models;
			sourceTree = "<group>";
		};
		D9F4B03F7EFE367B6E94685A /* Helpers */ = {
			isa = PBXGroup;
			children = (
				36EB1B42D77F66C41D67F993 /* WillDisappearHandler.swift */,
			);
			path = Helpers;
			sourceTree = "<group>";
		};
		FA1916B7AE295AF9E47550C6 /* Products */ = {
			isa = PBXGroup;
			children = (
				D9FEC6CE3A6B400FED050E62 /* Sports.app */,
				CA84F667A4393FECAFC59E11 /* Sports.xctest */,
			);
			name = Products;
			sourceTree = "<group>";
		};
/* End PBXGroup section */

/* Begin PBXNativeTarget section */
		81B205FA6CADC4D75FE94E05 /* Sports */ = {
			isa = PBXNativeTarget;
			buildConfigurationList = E725193A3C9879E9D6F7F494 /* Build configuration list for PBXNativeTarget "Sports" */;
			buildPhases = (
				5B6ED6134B3CAC436CF9F369 /* SwiftGen */,
				709257E8887E62FB4C1EEE58 /* Sources */,
				2F6D1B4CE873A1B7FD20DFCE /* Resources */,
				CA2596692FF10C3EF71B17DF /* Frameworks */,
			);
			buildRules = (
			);
			dependencies = (
			);
			name = Sports;
			packageProductDependencies = (
				46A2B58C2263E7134843DCA7 /* SFSafeSymbols */,
				CDED89A1F3CAEC895B077820 /* HotSwiftUI */,
				AE6426698D65CD3C1FCDEFDA /* DebugSwift */,
				E5095AA05A67696398BC4DCB /* PopupView */,
				EB7D67A288E2020B72E9AE93 /* DesignSystem */,
			);
			productName = Sports;
			productReference = D9FEC6CE3A6B400FED050E62 /* Sports.app */;
			productType = "com.apple.product-type.application";
		};
		EFEFBB14CE312EC53845DF6D /* SportsTests */ = {
			isa = PBXNativeTarget;
			buildConfigurationList = E251ADE13FA3679B8FD665E3 /* Build configuration list for PBXNativeTarget "SportsTests" */;
			buildPhases = (
				B1A472765F55DB8D6F17CDCA /* Sources */,
			);
			buildRules = (
			);
			dependencies = (
				74D5DBA61588FF4DA5889941 /* PBXTargetDependency */,
			);
			name = SportsTests;
			productName = SportsTests;
			productReference = CA84F667A4393FECAFC59E11 /* Sports.xctest */;
			productType = "com.apple.product-type.bundle.unit-test";
		};
/* End PBXNativeTarget section */

/* Begin PBXProject section */
		6A1CC518C09DC03077181C4F /* Project object */ = {
			isa = PBXProject;
			attributes = {
				BuildIndependentTargetsInParallel = YES;
				LastUpgradeCheck = 9999;
			};
			buildConfigurationList = 1CB814DB7494CBD619BF3A42 /* Build configuration list for PBXProject "Sports" */;
			compatibilityVersion = "Xcode 14.0";
			developmentRegion = en;
			hasScannedForEncodings = 0;
			knownRegions = (
				Base,
				en,
			);
			mainGroup = B768D0AA4D17332AA6BD1CDC;
			packageReferences = (
				8A5C072767E0B894FA87DB2F /* XCRemoteSwiftPackageReference "DebugSwift" */,
				74E52743F80310B830C9C01E /* XCRemoteSwiftPackageReference "HotSwiftUI" */,
				E4B5375E0ACE8675C7EF25B6 /* XCRemoteSwiftPackageReference "PopupView" */,
				ACE8AF825DB643CD10A4BC1E /* XCRemoteSwiftPackageReference "SFSafeSymbols" */,
			);
			projectDirPath = "";
			projectRoot = "";
			targets = (
				81B205FA6CADC4D75FE94E05 /* Sports */,
				EFEFBB14CE312EC53845DF6D /* SportsTests */,
			);
		};
/* End PBXProject section */

/* Begin PBXResourcesBuildPhase section */
		2F6D1B4CE873A1B7FD20DFCE /* Resources */ = {
			isa = PBXResourcesBuildPhase;
			buildActionMask = 2147483647;
			files = (
				3D885C7846D2EB4BD0E0F3ED /* Assets.xcassets in Resources */,
				361906A6482372481EC786B3 /* Localizable.xcstrings in Resources */,
				B0713E972255AB84D6080236 /* Preview Assets.xcassets in Resources */,
			);
			runOnlyForDeploymentPostprocessing = 0;
		};
/* End PBXResourcesBuildPhase section */

/* Begin PBXShellScriptBuildPhase section */
		5B6ED6134B3CAC436CF9F369 /* SwiftGen */ = {
			isa = PBXShellScriptBuildPhase;
			buildActionMask = 2147483647;
			files = (
			);
			inputFileListPaths = (
			);
			inputPaths = (
			);
			name = SwiftGen;
			outputFileListPaths = (
			);
			outputPaths = (
			);
			runOnlyForDeploymentPostprocessing = 0;
			shellPath = /bin/sh;
			shellScript = "[ -f ./swiftgen.yml ] && swiftgen || echo \"No swiftgen.yml found\"";
		};
/* End PBXShellScriptBuildPhase section */

/* Begin PBXSourcesBuildPhase section */
		709257E8887E62FB4C1EEE58 /* Sources */ = {
			isa = PBXSourcesBuildPhase;
			buildActionMask = 2147483647;
			files = (
				B88AEB02987DC25886E78A24 /* AddExecutionView.swift in Sources */,
				0DE1E1868C361825B5CFABB1 /* AppTabView.swift in Sources */,
				8EA07BB624EED1775DAD46A2 /* Array+Extensions.swift in Sources */,
				7120BF7137093062EA9245ED /* CommingSoonView.swift in Sources */,
				826B71F47234BF8C7A8891FF /* CreateExerciseView.swift in Sources */,
				334BB08A3FFF20E4DD61EA6E /* CreateTrainingProgramView.swift in Sources */,
				42E0CBCB40D0BC93D3FE5395 /* CreateTrainingsView.swift in Sources */,
				BFC372A124AF07FCAD1758B5 /* DetailTrainingProgramView.swift in Sources */,
				2B27666D1FA01F7AF9781300 /* EditTraningProgramView.swift in Sources */,
				1609F8A0CE3A45515F4305D9 /* HistoryExecutionsView.swift in Sources */,
				E276605DCC2C1117BC7EB6DA /* HomeView.swift in Sources */,
				D473EE26BB6C39CBE599B6F3 /* RoutableObject.swift in Sources */,
				BB0AC9B6C8A5DF04A2135FE5 /* Router.swift in Sources */,
				3A489CA9CDDCF1DB16564A3B /* RoutingView.swift in Sources */,
				638E0E6D9D78D683569E3D56 /* SportsApp.swift in Sources */,
				ACC0A53A8E5EED52B323C0FB /* TabRouter.swift in Sources */,
				A5355131DA9F788B1D4B2790 /* TrainingExecutionView.swift in Sources */,
				10E1A1F6DEA1C2DB7CE03CFD /* TrainingProgramRoute.swift in Sources */,
				C43DB68CE280AD92A812DE0F /* TrainingsSummary.swift in Sources */,
				F6556AF9C97F4D91320B43A3 /* WillDisappearHandler.swift in Sources */,
				B3E1A14A82EE240BBA8BB01B /* Workout.swift in Sources */,
			);
			runOnlyForDeploymentPostprocessing = 0;
		};
		B1A472765F55DB8D6F17CDCA /* Sources */ = {
			isa = PBXSourcesBuildPhase;
			buildActionMask = 2147483647;
			files = (
				8F3F7BE54D080DBF14A57286 /* SportsTests.swift in Sources */,
			);
			runOnlyForDeploymentPostprocessing = 0;
		};
/* End PBXSourcesBuildPhase section */

/* Begin PBXTargetDependency section */
		74D5DBA61588FF4DA5889941 /* PBXTargetDependency */ = {
			isa = PBXTargetDependency;
			target = 81B205FA6CADC4D75FE94E05 /* Sports */;
			targetProxy = 566A2924BAA3B2A06F6B2F15 /* PBXContainerItemProxy */;
		};
/* End PBXTargetDependency section */

/* Begin XCBuildConfiguration section */
		58F85F30D8353EC64744F2D8 /* Release */ = {
			isa = XCBuildConfiguration;
			baseConfigurationReference = FDD6AD35EFC37A7138A74282 /* BaseRelease.xcconfig */;
			buildSettings = {
				ALWAYS_SEARCH_USER_PATHS = NO;
				CLANG_ANALYZER_NONNULL = YES;
				CLANG_ANALYZER_NUMBER_OBJECT_CONVERSION = YES_AGGRESSIVE;
				CLANG_CXX_LANGUAGE_STANDARD = "gnu++14";
				CLANG_CXX_LIBRARY = "libc++";
				CLANG_ENABLE_MODULES = YES;
				CLANG_ENABLE_OBJC_ARC = YES;
				CLANG_ENABLE_OBJC_WEAK = YES;
				CLANG_WARN_BLOCK_CAPTURE_AUTORELEASING = YES;
				CLANG_WARN_BOOL_CONVERSION = YES;
				CLANG_WARN_COMMA = YES;
				CLANG_WARN_CONSTANT_CONVERSION = YES;
				CLANG_WARN_DEPRECATED_OBJC_IMPLEMENTATIONS = YES;
				CLANG_WARN_DIRECT_OBJC_ISA_USAGE = YES_ERROR;
				CLANG_WARN_DOCUMENTATION_COMMENTS = YES;
				CLANG_WARN_EMPTY_BODY = YES;
				CLANG_WARN_ENUM_CONVERSION = YES;
				CLANG_WARN_INFINITE_RECURSION = YES;
				CLANG_WARN_INT_CONVERSION = YES;
				CLANG_WARN_NON_LITERAL_NULL_CONVERSION = YES;
				CLANG_WARN_OBJC_IMPLICIT_RETAIN_SELF = YES;
				CLANG_WARN_OBJC_LITERAL_CONVERSION = YES;
				CLANG_WARN_OBJC_ROOT_CLASS = YES_ERROR;
				CLANG_WARN_QUOTED_INCLUDE_IN_FRAMEWORK_HEADER = YES;
				CLANG_WARN_RANGE_LOOP_ANALYSIS = YES;
				CLANG_WARN_STRICT_PROTOTYPES = YES;
				CLANG_WARN_SUSPICIOUS_MOVE = YES;
				CLANG_WARN_UNGUARDED_AVAILABILITY = YES_AGGRESSIVE;
				CLANG_WARN_UNREACHABLE_CODE = YES;
				CLANG_WARN__DUPLICATE_METHOD_MATCH = YES;
				COPY_PHASE_STRIP = NO;
				DEBUG_INFORMATION_FORMAT = "dwarf-with-dsym";
				ENABLE_NS_ASSERTIONS = NO;
				ENABLE_STRICT_OBJC_MSGSEND = YES;
				GCC_C_LANGUAGE_STANDARD = gnu11;
				GCC_NO_COMMON_BLOCKS = YES;
				GCC_WARN_64_TO_32_BIT_CONVERSION = YES;
				GCC_WARN_ABOUT_RETURN_TYPE = YES_ERROR;
				GCC_WARN_UNDECLARED_SELECTOR = YES;
				GCC_WARN_UNINITIALIZED_AUTOS = YES_AGGRESSIVE;
				GCC_WARN_UNUSED_FUNCTION = YES;
				GCC_WARN_UNUSED_VARIABLE = YES;
				MTL_ENABLE_DEBUG_INFO = NO;
				MTL_FAST_MATH = YES;
				SDKROOT = iphoneos;
				SWIFT_COMPILATION_MODE = wholemodule;
				SWIFT_OPTIMIZATION_LEVEL = "-O";
			};
			name = Release;
		};
		9041449B3E3FF86219BC2797 /* Debug */ = {
			isa = XCBuildConfiguration;
			buildSettings = {
				ASSETCATALOG_COMPILER_APPICON_NAME = AppIcon;
				CODE_SIGN_IDENTITY = "Apple Development";
				CODE_SIGN_STYLE = Automatic;
				DEVELOPMENT_TEAM = G77MYT7HW8;
				INFOPLIST_FILE = Sports/Info.plist;
				IPHONEOS_DEPLOYMENT_TARGET = 17.0;
				LD_RUNPATH_SEARCH_PATHS = (
					"$(inherited)",
					"@executable_path/Frameworks",
				);
				PROVISIONING_PROFILE_SPECIFIER = "";
				SDKROOT = iphoneos;
				TARGETED_DEVICE_FAMILY = "1,2";
			};
			name = Debug;
		};
		9CAC988ADC3B0FC10B135B21 /* Release */ = {
			isa = XCBuildConfiguration;
			buildSettings = {
				ASSETCATALOG_COMPILER_APPICON_NAME = AppIcon;
				CODE_SIGN_IDENTITY = "Apple Development";
				CODE_SIGN_STYLE = Automatic;
				DEVELOPMENT_TEAM = G77MYT7HW8;
				INFOPLIST_FILE = Sports/Info.plist;
				IPHONEOS_DEPLOYMENT_TARGET = 17.0;
				LD_RUNPATH_SEARCH_PATHS = (
					"$(inherited)",
					"@executable_path/Frameworks",
				);
				PROVISIONING_PROFILE_SPECIFIER = "";
				SDKROOT = iphoneos;
				TARGETED_DEVICE_FAMILY = "1,2";
			};
			name = Release;
		};
		AEC2A8B737F15C2835D3021C /* Debug */ = {
			isa = XCBuildConfiguration;
			buildSettings = {
				BUNDLE_LOADER = "$(TEST_HOST)";
				IPHONEOS_DEPLOYMENT_TARGET = 17.0;
				LD_RUNPATH_SEARCH_PATHS = (
					"$(inherited)",
					"@executable_path/Frameworks",
					"@loader_path/Frameworks",
				);
				SDKROOT = iphoneos;
				SWIFT_VERSION = 6.0;
				TARGETED_DEVICE_FAMILY = "1,2";
				TEST_HOST = "$(BUILT_PRODUCTS_DIR)/Sports.app/Sports";
			};
			name = Debug;
		};
		BA16F65C0864E5BC97BA9FD9 /* Debug */ = {
			isa = XCBuildConfiguration;
			baseConfigurationReference = 451DD8E677BD43DB30F389D0 /* BaseDebug.xcconfig */;
			buildSettings = {
				ALWAYS_SEARCH_USER_PATHS = NO;
				CLANG_ANALYZER_NONNULL = YES;
				CLANG_ANALYZER_NUMBER_OBJECT_CONVERSION = YES_AGGRESSIVE;
				CLANG_CXX_LANGUAGE_STANDARD = "gnu++14";
				CLANG_CXX_LIBRARY = "libc++";
				CLANG_ENABLE_MODULES = YES;
				CLANG_ENABLE_OBJC_ARC = YES;
				CLANG_ENABLE_OBJC_WEAK = YES;
				CLANG_WARN_BLOCK_CAPTURE_AUTORELEASING = YES;
				CLANG_WARN_BOOL_CONVERSION = YES;
				CLANG_WARN_COMMA = YES;
				CLANG_WARN_CONSTANT_CONVERSION = YES;
				CLANG_WARN_DEPRECATED_OBJC_IMPLEMENTATIONS = YES;
				CLANG_WARN_DIRECT_OBJC_ISA_USAGE = YES_ERROR;
				CLANG_WARN_DOCUMENTATION_COMMENTS = YES;
				CLANG_WARN_EMPTY_BODY = YES;
				CLANG_WARN_ENUM_CONVERSION = YES;
				CLANG_WARN_INFINITE_RECURSION = YES;
				CLANG_WARN_INT_CONVERSION = YES;
				CLANG_WARN_NON_LITERAL_NULL_CONVERSION = YES;
				CLANG_WARN_OBJC_IMPLICIT_RETAIN_SELF = YES;
				CLANG_WARN_OBJC_LITERAL_CONVERSION = YES;
				CLANG_WARN_OBJC_ROOT_CLASS = YES_ERROR;
				CLANG_WARN_QUOTED_INCLUDE_IN_FRAMEWORK_HEADER = YES;
				CLANG_WARN_RANGE_LOOP_ANALYSIS = YES;
				CLANG_WARN_STRICT_PROTOTYPES = YES;
				CLANG_WARN_SUSPICIOUS_MOVE = YES;
				CLANG_WARN_UNGUARDED_AVAILABILITY = YES_AGGRESSIVE;
				CLANG_WARN_UNREACHABLE_CODE = YES;
				CLANG_WARN__DUPLICATE_METHOD_MATCH = YES;
				COPY_PHASE_STRIP = NO;
				DEBUG_INFORMATION_FORMAT = dwarf;
				ENABLE_STRICT_OBJC_MSGSEND = YES;
				ENABLE_TESTABILITY = YES;
				GCC_C_LANGUAGE_STANDARD = gnu11;
				GCC_DYNAMIC_NO_PIC = NO;
				GCC_NO_COMMON_BLOCKS = YES;
				GCC_OPTIMIZATION_LEVEL = 0;
				GCC_WARN_64_TO_32_BIT_CONVERSION = YES;
				GCC_WARN_ABOUT_RETURN_TYPE = YES_ERROR;
				GCC_WARN_UNDECLARED_SELECTOR = YES;
				GCC_WARN_UNINITIALIZED_AUTOS = YES_AGGRESSIVE;
				GCC_WARN_UNUSED_FUNCTION = YES;
				GCC_WARN_UNUSED_VARIABLE = YES;
				MTL_ENABLE_DEBUG_INFO = INCLUDE_SOURCE;
				MTL_FAST_MATH = YES;
				ONLY_ACTIVE_ARCH = YES;
				SDKROOT = iphoneos;
				SWIFT_ACTIVE_COMPILATION_CONDITIONS = DEBUG;
				SWIFT_OPTIMIZATION_LEVEL = "-Onone";
			};
			name = Debug;
		};
		EE9409F053ED8BAB5733707E /* Release */ = {
			isa = XCBuildConfiguration;
			buildSettings = {
				BUNDLE_LOADER = "$(TEST_HOST)";
				IPHONEOS_DEPLOYMENT_TARGET = 17.0;
				LD_RUNPATH_SEARCH_PATHS = (
					"$(inherited)",
					"@executable_path/Frameworks",
					"@loader_path/Frameworks",
				);
				SDKROOT = iphoneos;
				SWIFT_VERSION = 6.0;
				TARGETED_DEVICE_FAMILY = "1,2";
				TEST_HOST = "$(BUILT_PRODUCTS_DIR)/Sports.app/Sports";
			};
			name = Release;
		};
/* End XCBuildConfiguration section */

/* Begin XCConfigurationList section */
		1CB814DB7494CBD619BF3A42 /* Build configuration list for PBXProject "Sports" */ = {
			isa = XCConfigurationList;
			buildConfigurations = (
				BA16F65C0864E5BC97BA9FD9 /* Debug */,
				58F85F30D8353EC64744F2D8 /* Release */,
			);
			defaultConfigurationIsVisible = 0;
			defaultConfigurationName = Debug;
		};
		E251ADE13FA3679B8FD665E3 /* Build configuration list for PBXNativeTarget "SportsTests" */ = {
			isa = XCConfigurationList;
			buildConfigurations = (
				AEC2A8B737F15C2835D3021C /* Debug */,
				EE9409F053ED8BAB5733707E /* Release */,
			);
			defaultConfigurationIsVisible = 0;
			defaultConfigurationName = Debug;
		};
		E725193A3C9879E9D6F7F494 /* Build configuration list for PBXNativeTarget "Sports" */ = {
			isa = XCConfigurationList;
			buildConfigurations = (
				9041449B3E3FF86219BC2797 /* Debug */,
				9CAC988ADC3B0FC10B135B21 /* Release */,
			);
			defaultConfigurationIsVisible = 0;
			defaultConfigurationName = Debug;
		};
/* End XCConfigurationList section */

/* Begin XCRemoteSwiftPackageReference section */
		74E52743F80310B830C9C01E /* XCRemoteSwiftPackageReference "HotSwiftUI" */ = {
			isa = XCRemoteSwiftPackageReference;
			repositoryURL = "https://github.com/johnno1962/HotSwiftUI.git";
			requirement = {
				kind = upToNextMajorVersion;
				minimumVersion = 1.1.0;
			};
		};
		8A5C072767E0B894FA87DB2F /* XCRemoteSwiftPackageReference "DebugSwift" */ = {
			isa = XCRemoteSwiftPackageReference;
			repositoryURL = "https://github.com/DebugSwift/DebugSwift.git";
			requirement = {
				kind = upToNextMajorVersion;
				minimumVersion = 0.3.6;
			};
		};
		ACE8AF825DB643CD10A4BC1E /* XCRemoteSwiftPackageReference "SFSafeSymbols" */ = {
			isa = XCRemoteSwiftPackageReference;
			repositoryURL = "https://github.com/SFSafeSymbols/SFSafeSymbols.git";
			requirement = {
				kind = upToNextMajorVersion;
				minimumVersion = 5.2.0;
			};
		};
		E4B5375E0ACE8675C7EF25B6 /* XCRemoteSwiftPackageReference "PopupView" */ = {
			isa = XCRemoteSwiftPackageReference;
			repositoryURL = "https://github.com/exyte/PopupView.git";
			requirement = {
				kind = revision;
				revision = c82f68dd56d9359e144ab0446f5866208e4a02e8;
			};
		};
/* End XCRemoteSwiftPackageReference section */

/* Begin XCSwiftPackageProductDependency section */
		46A2B58C2263E7134843DCA7 /* SFSafeSymbols */ = {
			isa = XCSwiftPackageProductDependency;
			package = ACE8AF825DB643CD10A4BC1E /* XCRemoteSwiftPackageReference "SFSafeSymbols" */;
			productName = SFSafeSymbols;
		};
		AE6426698D65CD3C1FCDEFDA /* DebugSwift */ = {
			isa = XCSwiftPackageProductDependency;
			package = 8A5C072767E0B894FA87DB2F /* XCRemoteSwiftPackageReference "DebugSwift" */;
			productName = DebugSwift;
		};
		CDED89A1F3CAEC895B077820 /* HotSwiftUI */ = {
			isa = XCSwiftPackageProductDependency;
			package = 74E52743F80310B830C9C01E /* XCRemoteSwiftPackageReference "HotSwiftUI" */;
			productName = HotSwiftUI;
		};
		E5095AA05A67696398BC4DCB /* PopupView */ = {
			isa = XCSwiftPackageProductDependency;
			package = E4B5375E0ACE8675C7EF25B6 /* XCRemoteSwiftPackageReference "PopupView" */;
			productName = PopupView;
		};
		EB7D67A288E2020B72E9AE93 /* DesignSystem */ = {
			isa = XCSwiftPackageProductDependency;
			productName = DesignSystem;
		};
/* End XCSwiftPackageProductDependency section */
	};
	rootObject = 6A1CC518C09DC03077181C4F /* Project object */;
}
